
Microsoft Visual Studio Solution File, Format Version 12.00
# Visual Studio Version 16
VisualStudioVersion = 16.0.30011.22
MinimumVisualStudioVersion = 10.0.40219.1
Project("{8BC9CEB8-8B4A-11D0-8D11-00A0C91BC942}") = "파일작성 및 쓰기", "파일작성 및 쓰기\파일작성 및 쓰기.vcxproj", "{4B32FC55-3770-4CBA-BE2E-2D453D2FC997}"
EndProject
Global
	GlobalSection(SolutionConfigurationPlatforms) = preSolution
		Debug|x64 = Debug|x64
		Debug|x86 = Debug|x86
		Release|x64 = Release|x64
		Release|x86 = Release|x86
	EndGlobalSection
	GlobalSection(ProjectConfigurationPlatforms) = postSolution
		{4B32FC55-3770-4CBA-BE2E-2D453D2FC997}.Debug|x64.ActiveCfg = Debug|x64
		{4B32FC55-3770-4CBA-BE2E-2D453D2FC997}.Debug|x64.Build.0 = Debug|x64
		{4B32FC55-3770-4CBA-BE2E-2D453D2FC997}.Debug|x86.ActiveCfg = Debug|Win32
		{4B32FC55-3770-4CBA-BE2E-2D453D2FC997}.Debug|x86.Build.0 = Debug|Win32
		{4B32FC55-3770-4CBA-BE2E-2D453D2FC997}.Release|x64.ActiveCfg = Release|x64
		{4B32FC55-3770-4CBA-BE2E-2D453D2FC997}.Release|x64.Build.0 = Release|x64
		{4B32FC55-3770-4CBA-BE2E-2D453D2FC997}.Release|x86.ActiveCfg = Release|Win32
		{4B32FC55-3770-4CBA-BE2E-2D453D2FC997}.Release|x86.Build.0 = Release|Win32
	EndGlobalSection
	GlobalSection(SolutionProperties) = preSolution
		HideSolutionNode = FALSE
	EndGlobalSection
	GlobalSection(ExtensibilityGlobals) = postSolution
		SolutionGuid = {34D5C6BA-598F-492C-B612-931E8DD8154A}
	EndGlobalSection
EndGlobal
