
Microsoft Visual Studio Solution File, Format Version 12.00
# Visual Studio Version 16
VisualStudioVersion = 16.0.30011.22
MinimumVisualStudioVersion = 10.0.40219.1
Project("{8BC9CEB8-8B4A-11D0-8D11-00A0C91BC942}") = "세이브 and 로드가 가능한 파일", "세이브 and 로드가 가능한 파일\세이브 and 로드가 가능한 파일.vcxproj", "{2B054C7F-F0D2-4197-A271-8D9A061E36A5}"
EndProject
Global
	GlobalSection(SolutionConfigurationPlatforms) = preSolution
		Debug|x64 = Debug|x64
		Debug|x86 = Debug|x86
		Release|x64 = Release|x64
		Release|x86 = Release|x86
	EndGlobalSection
	GlobalSection(ProjectConfigurationPlatforms) = postSolution
		{2B054C7F-F0D2-4197-A271-8D9A061E36A5}.Debug|x64.ActiveCfg = Debug|x64
		{2B054C7F-F0D2-4197-A271-8D9A061E36A5}.Debug|x64.Build.0 = Debug|x64
		{2B054C7F-F0D2-4197-A271-8D9A061E36A5}.Debug|x86.ActiveCfg = Debug|Win32
		{2B054C7F-F0D2-4197-A271-8D9A061E36A5}.Debug|x86.Build.0 = Debug|Win32
		{2B054C7F-F0D2-4197-A271-8D9A061E36A5}.Release|x64.ActiveCfg = Release|x64
		{2B054C7F-F0D2-4197-A271-8D9A061E36A5}.Release|x64.Build.0 = Release|x64
		{2B054C7F-F0D2-4197-A271-8D9A061E36A5}.Release|x86.ActiveCfg = Release|Win32
		{2B054C7F-F0D2-4197-A271-8D9A061E36A5}.Release|x86.Build.0 = Release|Win32
	EndGlobalSection
	GlobalSection(SolutionProperties) = preSolution
		HideSolutionNode = FALSE
	EndGlobalSection
	GlobalSection(ExtensibilityGlobals) = postSolution
		SolutionGuid = {57FC21B7-78F4-4711-9A2C-47F8FE72F8FF}
	EndGlobalSection
EndGlobal
