
Microsoft Visual Studio Solution File, Format Version 12.00
# Visual Studio Version 16
VisualStudioVersion = 16.0.30011.22
MinimumVisualStudioVersion = 10.0.40219.1
Project("{8BC9CEB8-8B4A-11D0-8D11-00A0C91BC942}") = "클래스 응용", "클래스 응용\클래스 응용.vcxproj", "{E1C2AC85-703B-44FF-9068-2043AC3D4F30}"
EndProject
Global
	GlobalSection(SolutionConfigurationPlatforms) = preSolution
		Debug|x64 = Debug|x64
		Debug|x86 = Debug|x86
		Release|x64 = Release|x64
		Release|x86 = Release|x86
	EndGlobalSection
	GlobalSection(ProjectConfigurationPlatforms) = postSolution
		{E1C2AC85-703B-44FF-9068-2043AC3D4F30}.Debug|x64.ActiveCfg = Debug|x64
		{E1C2AC85-703B-44FF-9068-2043AC3D4F30}.Debug|x64.Build.0 = Debug|x64
		{E1C2AC85-703B-44FF-9068-2043AC3D4F30}.Debug|x86.ActiveCfg = Debug|Win32
		{E1C2AC85-703B-44FF-9068-2043AC3D4F30}.Debug|x86.Build.0 = Debug|Win32
		{E1C2AC85-703B-44FF-9068-2043AC3D4F30}.Release|x64.ActiveCfg = Release|x64
		{E1C2AC85-703B-44FF-9068-2043AC3D4F30}.Release|x64.Build.0 = Release|x64
		{E1C2AC85-703B-44FF-9068-2043AC3D4F30}.Release|x86.ActiveCfg = Release|Win32
		{E1C2AC85-703B-44FF-9068-2043AC3D4F30}.Release|x86.Build.0 = Release|Win32
	EndGlobalSection
	GlobalSection(SolutionProperties) = preSolution
		HideSolutionNode = FALSE
	EndGlobalSection
	GlobalSection(ExtensibilityGlobals) = postSolution
		SolutionGuid = {F33EEF72-501D-4EC2-99D5-5BFFFF5BF39C}
	EndGlobalSection
EndGlobal
