
Microsoft Visual Studio Solution File, Format Version 12.00
# Visual Studio Version 16
VisualStudioVersion = 16.0.30011.22
MinimumVisualStudioVersion = 10.0.40219.1
Project("{8BC9CEB8-8B4A-11D0-8D11-00A0C91BC942}") = "누군가 도와주기", "누군가 도와주기\누군가 도와주기.vcxproj", "{CB33DBE1-FABD-4820-9A31-C1C42DB6BA41}"
EndProject
Global
	GlobalSection(SolutionConfigurationPlatforms) = preSolution
		Debug|x64 = Debug|x64
		Debug|x86 = Debug|x86
		Release|x64 = Release|x64
		Release|x86 = Release|x86
	EndGlobalSection
	GlobalSection(ProjectConfigurationPlatforms) = postSolution
		{CB33DBE1-FABD-4820-9A31-C1C42DB6BA41}.Debug|x64.ActiveCfg = Debug|x64
		{CB33DBE1-FABD-4820-9A31-C1C42DB6BA41}.Debug|x64.Build.0 = Debug|x64
		{CB33DBE1-FABD-4820-9A31-C1C42DB6BA41}.Debug|x86.ActiveCfg = Debug|Win32
		{CB33DBE1-FABD-4820-9A31-C1C42DB6BA41}.Debug|x86.Build.0 = Debug|Win32
		{CB33DBE1-FABD-4820-9A31-C1C42DB6BA41}.Release|x64.ActiveCfg = Release|x64
		{CB33DBE1-FABD-4820-9A31-C1C42DB6BA41}.Release|x64.Build.0 = Release|x64
		{CB33DBE1-FABD-4820-9A31-C1C42DB6BA41}.Release|x86.ActiveCfg = Release|Win32
		{CB33DBE1-FABD-4820-9A31-C1C42DB6BA41}.Release|x86.Build.0 = Release|Win32
	EndGlobalSection
	GlobalSection(SolutionProperties) = preSolution
		HideSolutionNode = FALSE
	EndGlobalSection
	GlobalSection(ExtensibilityGlobals) = postSolution
		SolutionGuid = {5F1D738A-3CE3-40EC-A475-C4213B874B16}
	EndGlobalSection
EndGlobal
